[[package]]
name = "feedparser"
version = "6.0.6"
description = "Universal feed parser, handles RSS 0.9x, RSS 1.0, RSS 2.0, CDF, Atom 0.3, and Atom 1.0 feeds"
category = "main"
optional = false
python-versions = ">=3.6"

[package.dependencies]
sgmllib3k = "*"

[[package]]
name = "sgmllib3k"
version = "1.0.0"
description = "Py3k port of sgmllib."
category = "main"
optional = false
python-versions = "*"

[metadata]
lock-version = "1.1"
python-versions = "^3.9"
content-hash = "1a9e0106b6ade7a0d1b321d31dedef617a2e1b096ca65adeb75e176d69e939b3"

[metadata.files]
feedparser = [
    {file = "feedparser-6.0.6-py3-none-any.whl", hash = "sha256:1c35e9ef43d8f95959cf8cfa337b68a2cb0888cab7cd982868d23850bb1e08ae"},
    {file = "feedparser-6.0.6.tar.gz", hash = "sha256:78f62a5b872fdef451502bb96e64a8fd4180535eb749954f1ad528604809cdeb"},
]
sgmllib3k = [
    {file = "sgmllib3k-1.0.0.tar.gz", hash = "sha256:7868fb1c8bfa764c1ac563d3cf369c381d1325d36124933a726f29fcdaa812e9"},
]
